
Microsoft Visual Studio Solution File, Format Version 12.00
# Visual Studio Version 17
VisualStudioVersion = 17.5.33414.496
MinimumVisualStudioVersion = 10.0.40219.1
Project("{8BC9CEB8-8B4A-11D0-8D11-00A0C91BC942}") = "Member Initialization List", "Member Initialization List\Member Initialization List.vcxproj", "{B5C166AF-53DC-4592-B490-4FA1B184C453}"
EndProject
Project("{8BC9CEB8-8B4A-11D0-8D11-00A0C91BC942}") = "MainIA", "MainIA\MainIA.vcxproj", "{64DBCF8F-83ED-4635-A0D9-1BB073C7B02F}"
EndProject
Global
	GlobalSection(SolutionConfigurationPlatforms) = preSolution
		Debug|x64 = Debug|x64
		Debug|x86 = Debug|x86
		Release|x64 = Release|x64
		Release|x86 = Release|x86
	EndGlobalSection
	GlobalSection(ProjectConfigurationPlatforms) = postSolution
		{B5C166AF-53DC-4592-B490-4FA1B184C453}.Debug|x64.ActiveCfg = Debug|x64
		{B5C166AF-53DC-4592-B490-4FA1B184C453}.Debug|x64.Build.0 = Debug|x64
		{B5C166AF-53DC-4592-B490-4FA1B184C453}.Debug|x86.ActiveCfg = Debug|Win32
		{B5C166AF-53DC-4592-B490-4FA1B184C453}.Debug|x86.Build.0 = Debug|Win32
		{B5C166AF-53DC-4592-B490-4FA1B184C453}.Release|x64.ActiveCfg = Release|x64
		{B5C166AF-53DC-4592-B490-4FA1B184C453}.Release|x64.Build.0 = Release|x64
		{B5C166AF-53DC-4592-B490-4FA1B184C453}.Release|x86.ActiveCfg = Release|Win32
		{B5C166AF-53DC-4592-B490-4FA1B184C453}.Release|x86.Build.0 = Release|Win32
		{64DBCF8F-83ED-4635-A0D9-1BB073C7B02F}.Debug|x64.ActiveCfg = Debug|x64
		{64DBCF8F-83ED-4635-A0D9-1BB073C7B02F}.Debug|x64.Build.0 = Debug|x64
		{64DBCF8F-83ED-4635-A0D9-1BB073C7B02F}.Debug|x86.ActiveCfg = Debug|Win32
		{64DBCF8F-83ED-4635-A0D9-1BB073C7B02F}.Debug|x86.Build.0 = Debug|Win32
		{64DBCF8F-83ED-4635-A0D9-1BB073C7B02F}.Release|x64.ActiveCfg = Release|x64
		{64DBCF8F-83ED-4635-A0D9-1BB073C7B02F}.Release|x64.Build.0 = Release|x64
		{64DBCF8F-83ED-4635-A0D9-1BB073C7B02F}.Release|x86.ActiveCfg = Release|Win32
		{64DBCF8F-83ED-4635-A0D9-1BB073C7B02F}.Release|x86.Build.0 = Release|Win32
	EndGlobalSection
	GlobalSection(SolutionProperties) = preSolution
		HideSolutionNode = FALSE
	EndGlobalSection
	GlobalSection(ExtensibilityGlobals) = postSolution
		SolutionGuid = {D78CED6A-0D08-4F67-A491-9933FD805E26}
	EndGlobalSection
EndGlobal
